// !$*UTF8*$!
{
	archiveVersion = 1;
	classes = {
	};
	objectVersion = 50;
	objects = {

/* Begin PBXBuildFile section */
		CC55A044236489DA0002299F /* MainAssembly.swift in Sources */ = {isa = PBXBuildFile; fileRef = CC55A043236489DA0002299F /* MainAssembly.swift */; };
		CC55A047236489DA0002299F /* MainInteractor.swift in Sources */ = {isa = PBXBuildFile; fileRef = CC55A046236489DA0002299F /* MainInteractor.swift */; };
		CC55A04A236489DA0002299F /* MainPresenter.swift in Sources */ = {isa = PBXBuildFile; fileRef = CC55A049236489DA0002299F /* MainPresenter.swift */; };
		CC55A04D236489DA0002299F /* MainContracts.swift in Sources */ = {isa = PBXBuildFile; fileRef = CC55A04C236489DA0002299F /* MainContracts.swift */; };
		CC55A050236489DA0002299F /* MainViewController.swift in Sources */ = {isa = PBXBuildFile; fileRef = CC55A04F236489DA0002299F /* MainViewController.swift */; };
		CC55A053236489DA0002299F /* Main.storyboard in Resources */ = {isa = PBXBuildFile; fileRef = CC55A052236489DA0002299F /* Main.storyboard */; };
		CC55A056236489DA0002299F /* MainRouter.swift in Sources */ = {isa = PBXBuildFile; fileRef = CC55A055236489DA0002299F /* MainRouter.swift */; };
		CC55A05A236489DA0002299F /* AppCoordinator.swift in Sources */ = {isa = PBXBuildFile; fileRef = CC55A059236489DA0002299F /* AppCoordinator.swift */; };
		CC55A05C236489DA0002299F /* AppCoordinatorAssembly.swift in Sources */ = {isa = PBXBuildFile; fileRef = CC55A05B236489DA0002299F /* AppCoordinatorAssembly.swift */; };
		CC55A05E236489DA0002299F /* AppCoordinatorType.swift in Sources */ = {isa = PBXBuildFile; fileRef = CC55A05D236489DA0002299F /* AppCoordinatorType.swift */; };
		CC55A061236489DA0002299F /* MainCoordinator.swift in Sources */ = {isa = PBXBuildFile; fileRef = CC55A060236489DA0002299F /* MainCoordinator.swift */; };
		CC55A063236489DA0002299F /* MainCoordinatorAssembly.swift in Sources */ = {isa = PBXBuildFile; fileRef = CC55A062236489DA0002299F /* MainCoordinatorAssembly.swift */; };
		CC55A065236489DA0002299F /* MainCoordinatorType.swift in Sources */ = {isa = PBXBuildFile; fileRef = CC55A064236489DA0002299F /* MainCoordinatorType.swift */; };
		CC55A069236489DA0002299F /* AppConfigService.swift in Sources */ = {isa = PBXBuildFile; fileRef = CC55A068236489DA0002299F /* AppConfigService.swift */; };
		CC55A06B236489DA0002299F /* AppConfigServiceAssembly.swift in Sources */ = {isa = PBXBuildFile; fileRef = CC55A06A236489DA0002299F /* AppConfigServiceAssembly.swift */; };
		CC55A06D236489DA0002299F /* AppConfigServiceType.swift in Sources */ = {isa = PBXBuildFile; fileRef = CC55A06C236489DA0002299F /* AppConfigServiceType.swift */; };
		CC55A070236489DA0002299F /* EnvironmentService.swift in Sources */ = {isa = PBXBuildFile; fileRef = CC55A06F236489DA0002299F /* EnvironmentService.swift */; };
		CC55A072236489DA0002299F /* EnvironmentServiceAssembly.swift in Sources */ = {isa = PBXBuildFile; fileRef = CC55A071236489DA0002299F /* EnvironmentServiceAssembly.swift */; };
		CC55A074236489DA0002299F /* EnvironmentServiceType.swift in Sources */ = {isa = PBXBuildFile; fileRef = CC55A073236489DA0002299F /* EnvironmentServiceType.swift */; };
		CC55A077236489DA0002299F /* AppDelegate.swift in Sources */ = {isa = PBXBuildFile; fileRef = CC55A076236489DA0002299F /* AppDelegate.swift */; };
		CC55A07A236489DA0002299F /* ApplicationService.swift in Sources */ = {isa = PBXBuildFile; fileRef = CC55A079236489DA0002299F /* ApplicationService.swift */; };
		CC55A07E236489DA0002299F /* Module.swift in Sources */ = {isa = PBXBuildFile; fileRef = CC55A07D236489DA0002299F /* Module.swift */; };
		CC55A081236489DA0002299F /* AppDelegateManager.swift in Sources */ = {isa = PBXBuildFile; fileRef = CC55A080236489DA0002299F /* AppDelegateManager.swift */; };
		CC55A084236489DA0002299F /* LaunchInstructor.swift in Sources */ = {isa = PBXBuildFile; fileRef = CC55A083236489DA0002299F /* LaunchInstructor.swift */; };
		CC55A086236489DB0002299F /* BaseCoordinator.swift in Sources */ = {isa = PBXBuildFile; fileRef = CC55A085236489DB0002299F /* BaseCoordinator.swift */; };
		CC55A088236489DB0002299F /* CoordinatorType.swift in Sources */ = {isa = PBXBuildFile; fileRef = CC55A087236489DB0002299F /* CoordinatorType.swift */; };
		CC55A08B236489DB0002299F /* DeepLinkOption.swift in Sources */ = {isa = PBXBuildFile; fileRef = CC55A08A236489DB0002299F /* DeepLinkOption.swift */; };
		CC55A08E236489DB0002299F /* AlertRoutable.swift in Sources */ = {isa = PBXBuildFile; fileRef = CC55A08D236489DB0002299F /* AlertRoutable.swift */; };
		CC55A090236489DB0002299F /* Presentable.swift in Sources */ = {isa = PBXBuildFile; fileRef = CC55A08F236489DB0002299F /* Presentable.swift */; };
		CC55A093236489DB0002299F /* Router.swift in Sources */ = {isa = PBXBuildFile; fileRef = CC55A092236489DB0002299F /* Router.swift */; };
		CC55A095236489DB0002299F /* RouterType.swift in Sources */ = {isa = PBXBuildFile; fileRef = CC55A094236489DB0002299F /* RouterType.swift */; };
		CC55A097236489DB0002299F /* BaseModuleRouter.swift in Sources */ = {isa = PBXBuildFile; fileRef = CC55A096236489DB0002299F /* BaseModuleRouter.swift */; };
		CC55A09B236489DB0002299F /* ContainerView.swift in Sources */ = {isa = PBXBuildFile; fileRef = CC55A09A236489DB0002299F /* ContainerView.swift */; };
		CC55A09E236489DB0002299F /* ViewBuilder.swift in Sources */ = {isa = PBXBuildFile; fileRef = CC55A09D236489DB0002299F /* ViewBuilder.swift */; };
		CC55A0A1236489DB0002299F /* BasePresenter.swift in Sources */ = {isa = PBXBuildFile; fileRef = CC55A0A0236489DB0002299F /* BasePresenter.swift */; };
		CC55A0A4236489DB0002299F /* Constants.swift in Sources */ = {isa = PBXBuildFile; fileRef = CC55A0A3236489DB0002299F /* Constants.swift */; };
		CC55A0A8236489DB0002299F /* Codable+Ext.swift in Sources */ = {isa = PBXBuildFile; fileRef = CC55A0A7236489DB0002299F /* Codable+Ext.swift */; };
		CC55A0AB236489DB0002299F /* Array+Ext.swift in Sources */ = {isa = PBXBuildFile; fileRef = CC55A0AA236489DB0002299F /* Array+Ext.swift */; };
		CC55A0AE236489DB0002299F /* UIColor+Ext.swift in Sources */ = {isa = PBXBuildFile; fileRef = CC55A0AD236489DB0002299F /* UIColor+Ext.swift */; };
		CC55A0B1236489DB0002299F /* Data+Ext.swift in Sources */ = {isa = PBXBuildFile; fileRef = CC55A0B0236489DB0002299F /* Data+Ext.swift */; };
		CC55A0B4236489DB0002299F /* FileManager+Ext.swift in Sources */ = {isa = PBXBuildFile; fileRef = CC55A0B3236489DB0002299F /* FileManager+Ext.swift */; };
		CC55A0B7236489DB0002299F /* NSObject+Ext.swift in Sources */ = {isa = PBXBuildFile; fileRef = CC55A0B6236489DB0002299F /* NSObject+Ext.swift */; };
		CC55A0BA236489DB0002299F /* Int+Ext.swift in Sources */ = {isa = PBXBuildFile; fileRef = CC55A0B9236489DB0002299F /* Int+Ext.swift */; };
		CC55A0BD236489DB0002299F /* String+Ext.swift in Sources */ = {isa = PBXBuildFile; fileRef = CC55A0BC236489DB0002299F /* String+Ext.swift */; };
		CC55A0C0236489DB0002299F /* URL+Ext.swift in Sources */ = {isa = PBXBuildFile; fileRef = CC55A0BF236489DB0002299F /* URL+Ext.swift */; };
		CC55A0C3236489DB0002299F /* UICollectionView+Ext.swift in Sources */ = {isa = PBXBuildFile; fileRef = CC55A0C2236489DB0002299F /* UICollectionView+Ext.swift */; };
		CC55A0C5236489DB0002299F /* UIImage+Ext.swift in Sources */ = {isa = PBXBuildFile; fileRef = CC55A0C4236489DB0002299F /* UIImage+Ext.swift */; };
		CC55A0C7236489DB0002299F /* UIImageView+Ext.swift in Sources */ = {isa = PBXBuildFile; fileRef = CC55A0C6236489DB0002299F /* UIImageView+Ext.swift */; };
		CC55A0C9236489DB0002299F /* UILabel+Ext.swift in Sources */ = {isa = PBXBuildFile; fileRef = CC55A0C8236489DB0002299F /* UILabel+Ext.swift */; };
		CC55A0CB236489DB0002299F /* UINavigationController+Ext.swift in Sources */ = {isa = PBXBuildFile; fileRef = CC55A0CA236489DB0002299F /* UINavigationController+Ext.swift */; };
		CC55A0CD236489DB0002299F /* UIScrollView+Ext.swift in Sources */ = {isa = PBXBuildFile; fileRef = CC55A0CC236489DB0002299F /* UIScrollView+Ext.swift */; };
		CC55A0CF236489DB0002299F /* UITabBar+Ext.swift in Sources */ = {isa = PBXBuildFile; fileRef = CC55A0CE236489DB0002299F /* UITabBar+Ext.swift */; };
		CC55A0D1236489DB0002299F /* UITableView+Ext.swift in Sources */ = {isa = PBXBuildFile; fileRef = CC55A0D0236489DB0002299F /* UITableView+Ext.swift */; };
		CC55A0D3236489DB0002299F /* UIView+Ext.swift in Sources */ = {isa = PBXBuildFile; fileRef = CC55A0D2236489DB0002299F /* UIView+Ext.swift */; };
		CC55A0D5236489DB0002299F /* UIViewController+Ext.swift in Sources */ = {isa = PBXBuildFile; fileRef = CC55A0D4236489DB0002299F /* UIViewController+Ext.swift */; };
		CC55A0D7236489DB0002299F /* UIWindow+Ext.swift in Sources */ = {isa = PBXBuildFile; fileRef = CC55A0D6236489DB0002299F /* UIWindow+Ext.swift */; };
		CC55A0DB236489DB0002299F /* Assembly.swift in Sources */ = {isa = PBXBuildFile; fileRef = CC55A0DA236489DB0002299F /* Assembly.swift */; };
		CC55A0DD236489DB0002299F /* AssemblyFactory.swift in Sources */ = {isa = PBXBuildFile; fileRef = CC55A0DC236489DB0002299F /* AssemblyFactory.swift */; };
		CC55A0DF236489DB0002299F /* DependencyContainer.swift in Sources */ = {isa = PBXBuildFile; fileRef = CC55A0DE236489DB0002299F /* DependencyContainer.swift */; };
		CC55A0E1236489DB0002299F /* ObjectKey.swift in Sources */ = {isa = PBXBuildFile; fileRef = CC55A0E0236489DB0002299F /* ObjectKey.swift */; };
		CC55A0E3236489DB0002299F /* StrongBox.swift in Sources */ = {isa = PBXBuildFile; fileRef = CC55A0E2236489DB0002299F /* StrongBox.swift */; };
		CC55A0E5236489DB0002299F /* WeakBox.swift in Sources */ = {isa = PBXBuildFile; fileRef = CC55A0E4236489DB0002299F /* WeakBox.swift */; };
		CC55A0E7236489DB0002299F /* WeakContainer.swift in Sources */ = {isa = PBXBuildFile; fileRef = CC55A0E6236489DB0002299F /* WeakContainer.swift */; };
		CC55A0EB236489DB0002299F /* DeviceTweak.swift in Sources */ = {isa = PBXBuildFile; fileRef = CC55A0EA236489DB0002299F /* DeviceTweak.swift */; };
		CC55A0ED236489DB0002299F /* ThreadTweak.swift in Sources */ = {isa = PBXBuildFile; fileRef = CC55A0EC236489DB0002299F /* ThreadTweak.swift */; };
		CC55A0EF236489DB0002299F /* UtilsTweak.swift in Sources */ = {isa = PBXBuildFile; fileRef = CC55A0EE236489DB0002299F /* UtilsTweak.swift */; };
		CC55A0F2236489DB0002299F /* ServerApi.swift in Sources */ = {isa = PBXBuildFile; fileRef = CC55A0F1236489DB0002299F /* ServerApi.swift */; };
		CC55A0F5236489DB0002299F /* ExempleResponse.swift in Sources */ = {isa = PBXBuildFile; fileRef = CC55A0F4236489DB0002299F /* ExempleResponse.swift */; };
		CC55A0F8236489DB0002299F /* NetRequests.swift in Sources */ = {isa = PBXBuildFile; fileRef = CC55A0F7236489DB0002299F /* NetRequests.swift */; };
		CC55A0FB236489DB0002299F /* Theme.swift in Sources */ = {isa = PBXBuildFile; fileRef = CC55A0FA236489DB0002299F /* Theme.swift */; };
		CC55A0FE236489DB0002299F /* Podfile in Resources */ = {isa = PBXBuildFile; fileRef = CC55A0FD236489DB0002299F /* Podfile */; };
		CC55A101236489DB0002299F /* Assets.xcassets in Resources */ = {isa = PBXBuildFile; fileRef = CC55A100236489DB0002299F /* Assets.xcassets */; };
		CC55A104236489DB0002299F /* LaunchScreen.storyboard in Resources */ = {isa = PBXBuildFile; fileRef = CC55A102236489DB0002299F /* LaunchScreen.storyboard */; };
		CC55A13E23648A900002299F /* Settings.storyboard in Resources */ = {isa = PBXBuildFile; fileRef = CC55A11323648A900002299F /* Settings.storyboard */; };
		CC55A13F23648A900002299F /* SettingsAssembly.swift in Sources */ = {isa = PBXBuildFile; fileRef = CC55A11523648A900002299F /* SettingsAssembly.swift */; };
		CC55A14023648A900002299F /* SettingsContracts.swift in Sources */ = {isa = PBXBuildFile; fileRef = CC55A11723648A900002299F /* SettingsContracts.swift */; };
		CC55A14123648A900002299F /* SettingsPresenter.swift in Sources */ = {isa = PBXBuildFile; fileRef = CC55A11923648A900002299F /* SettingsPresenter.swift */; };
		CC55A14223648A900002299F /* SettingsViewController.swift in Sources */ = {isa = PBXBuildFile; fileRef = CC55A11B23648A900002299F /* SettingsViewController.swift */; };
		CC55A14323648A900002299F /* SettingsInteractor.swift in Sources */ = {isa = PBXBuildFile; fileRef = CC55A11D23648A900002299F /* SettingsInteractor.swift */; };
		CC55A14423648A900002299F /* SettingsRouter.swift in Sources */ = {isa = PBXBuildFile; fileRef = CC55A11F23648A900002299F /* SettingsRouter.swift */; };
		CC55A14523648A900002299F /* Onboarding.storyboard in Resources */ = {isa = PBXBuildFile; fileRef = CC55A12223648A900002299F /* Onboarding.storyboard */; };
		CC55A14623648A900002299F /* OnboardingAssembly.swift in Sources */ = {isa = PBXBuildFile; fileRef = CC55A12423648A900002299F /* OnboardingAssembly.swift */; };
		CC55A14723648A900002299F /* OnboardingContracts.swift in Sources */ = {isa = PBXBuildFile; fileRef = CC55A12623648A900002299F /* OnboardingContracts.swift */; };
		CC55A14823648A900002299F /* OnboardingPresenter.swift in Sources */ = {isa = PBXBuildFile; fileRef = CC55A12823648A900002299F /* OnboardingPresenter.swift */; };
		CC55A14923648A900002299F /* OnboardingViewController.swift in Sources */ = {isa = PBXBuildFile; fileRef = CC55A12A23648A900002299F /* OnboardingViewController.swift */; };
		CC55A14A23648A900002299F /* OnboardingInteractor.swift in Sources */ = {isa = PBXBuildFile; fileRef = CC55A12C23648A900002299F /* OnboardingInteractor.swift */; };
		CC55A14B23648A900002299F /* OnboardingRouter.swift in Sources */ = {isa = PBXBuildFile; fileRef = CC55A12E23648A900002299F /* OnboardingRouter.swift */; };
		CC55A14C23648A900002299F /* Authorization.storyboard in Resources */ = {isa = PBXBuildFile; fileRef = CC55A13123648A900002299F /* Authorization.storyboard */; };
		CC55A14D23648A900002299F /* AuthorizationAssembly.swift in Sources */ = {isa = PBXBuildFile; fileRef = CC55A13323648A900002299F /* AuthorizationAssembly.swift */; };
		CC55A14E23648A900002299F /* AuthorizationContracts.swift in Sources */ = {isa = PBXBuildFile; fileRef = CC55A13523648A900002299F /* AuthorizationContracts.swift */; };
		CC55A14F23648A900002299F /* AuthorizationPresenter.swift in Sources */ = {isa = PBXBuildFile; fileRef = CC55A13723648A900002299F /* AuthorizationPresenter.swift */; };
		CC55A15023648A900002299F /* AuthorizationViewController.swift in Sources */ = {isa = PBXBuildFile; fileRef = CC55A13923648A900002299F /* AuthorizationViewController.swift */; };
		CC55A15123648A900002299F /* AuthorizationInteractor.swift in Sources */ = {isa = PBXBuildFile; fileRef = CC55A13B23648A900002299F /* AuthorizationInteractor.swift */; };
		CC55A15223648A900002299F /* AuthorizationRouter.swift in Sources */ = {isa = PBXBuildFile; fileRef = CC55A13D23648A900002299F /* AuthorizationRouter.swift */; };
		CC55A15623648DC90002299F /* TabBarPresenter.swift in Sources */ = {isa = PBXBuildFile; fileRef = CC55A15523648DC90002299F /* TabBarPresenter.swift */; };
		CC55A15D23648E990002299F /* TabBarCoordinator.swift in Sources */ = {isa = PBXBuildFile; fileRef = CC55A15A23648E990002299F /* TabBarCoordinator.swift */; };
		CC55A15E23648E990002299F /* TabBarCoordinatorType.swift in Sources */ = {isa = PBXBuildFile; fileRef = CC55A15B23648E990002299F /* TabBarCoordinatorType.swift */; };
		CC55A15F23648E990002299F /* TabBarCoordinatorAssembly.swift in Sources */ = {isa = PBXBuildFile; fileRef = CC55A15C23648E990002299F /* TabBarCoordinatorAssembly.swift */; };
		CC55A16723648FEB0002299F /* SettingsCoordinatorAssembly.swift in Sources */ = {isa = PBXBuildFile; fileRef = CC55A16423648FEB0002299F /* SettingsCoordinatorAssembly.swift */; };
		CC55A16823648FEB0002299F /* SettingsCoordinatorType.swift in Sources */ = {isa = PBXBuildFile; fileRef = CC55A16523648FEB0002299F /* SettingsCoordinatorType.swift */; };
		CC55A16923648FEB0002299F /* SettingsCoordinator.swift in Sources */ = {isa = PBXBuildFile; fileRef = CC55A16623648FEB0002299F /* SettingsCoordinator.swift */; };
		CC55A170236495550002299F /* AuthorizationCoordinatorType.swift in Sources */ = {isa = PBXBuildFile; fileRef = CC55A16D236495550002299F /* AuthorizationCoordinatorType.swift */; };
		CC55A171236495550002299F /* AuthorizationCoordinatorAssembly.swift in Sources */ = {isa = PBXBuildFile; fileRef = CC55A16E236495550002299F /* AuthorizationCoordinatorAssembly.swift */; };
		CC55A172236495550002299F /* AuthorizationCoordinator.swift in Sources */ = {isa = PBXBuildFile; fileRef = CC55A16F236495550002299F /* AuthorizationCoordinator.swift */; };
		CC55A184236498670002299F /* Registration.storyboard in Resources */ = {isa = PBXBuildFile; fileRef = CC55A177236498670002299F /* Registration.storyboard */; };
		CC55A185236498670002299F /* RegistrationAssembly.swift in Sources */ = {isa = PBXBuildFile; fileRef = CC55A179236498670002299F /* RegistrationAssembly.swift */; };
		CC55A186236498670002299F /* RegistrationContracts.swift in Sources */ = {isa = PBXBuildFile; fileRef = CC55A17B236498670002299F /* RegistrationContracts.swift */; };
		CC55A187236498670002299F /* RegistrationPresenter.swift in Sources */ = {isa = PBXBuildFile; fileRef = CC55A17D236498670002299F /* RegistrationPresenter.swift */; };
		CC55A188236498670002299F /* RegistrationViewController.swift in Sources */ = {isa = PBXBuildFile; fileRef = CC55A17F236498670002299F /* RegistrationViewController.swift */; };
		CC55A189236498670002299F /* RegistrationInteractor.swift in Sources */ = {isa = PBXBuildFile; fileRef = CC55A181236498670002299F /* RegistrationInteractor.swift */; };
		CC55A18A236498670002299F /* RegistrationRouter.swift in Sources */ = {isa = PBXBuildFile; fileRef = CC55A183236498670002299F /* RegistrationRouter.swift */; };
		CC55A19123649E090002299F /* OnboardingCoordinator.swift in Sources */ = {isa = PBXBuildFile; fileRef = CC55A18E23649E090002299F /* OnboardingCoordinator.swift */; };
		CC55A19223649E090002299F /* OnboardingCoordinatorType.swift in Sources */ = {isa = PBXBuildFile; fileRef = CC55A18F23649E090002299F /* OnboardingCoordinatorType.swift */; };
		CC55A19323649E090002299F /* OnboardingCoordinatorAssembly.swift in Sources */ = {isa = PBXBuildFile; fileRef = CC55A19023649E090002299F /* OnboardingCoordinatorAssembly.swift */; };
/* End PBXBuildFile section */

/* Begin PBXFileReference section */
		CC55A03B236489DA0002299F /* Exemple.app */ = {isa = PBXFileReference; explicitFileType = wrapper.application; includeInIndex = 0; path = Exemple.app; sourceTree = BUILT_PRODUCTS_DIR; };
		CC55A043236489DA0002299F /* MainAssembly.swift */ = {isa = PBXFileReference; lastKnownFileType = sourcecode.swift; path = MainAssembly.swift; sourceTree = "<group>"; };
		CC55A046236489DA0002299F /* MainInteractor.swift */ = {isa = PBXFileReference; lastKnownFileType = sourcecode.swift; path = MainInteractor.swift; sourceTree = "<group>"; };
		CC55A049236489DA0002299F /* MainPresenter.swift */ = {isa = PBXFileReference; lastKnownFileType = sourcecode.swift; path = MainPresenter.swift; sourceTree = "<group>"; };
		CC55A04C236489DA0002299F /* MainContracts.swift */ = {isa = PBXFileReference; lastKnownFileType = sourcecode.swift; path = MainContracts.swift; sourceTree = "<group>"; };
		CC55A04F236489DA0002299F /* MainViewController.swift */ = {isa = PBXFileReference; lastKnownFileType = sourcecode.swift; path = MainViewController.swift; sourceTree = "<group>"; };
		CC55A052236489DA0002299F /* Main.storyboard */ = {isa = PBXFileReference; lastKnownFileType = file.storyboard; path = Main.storyboard; sourceTree = "<group>"; };
		CC55A055236489DA0002299F /* MainRouter.swift */ = {isa = PBXFileReference; lastKnownFileType = sourcecode.swift; path = MainRouter.swift; sourceTree = "<group>"; };
		CC55A059236489DA0002299F /* AppCoordinator.swift */ = {isa = PBXFileReference; lastKnownFileType = sourcecode.swift; path = AppCoordinator.swift; sourceTree = "<group>"; };
		CC55A05B236489DA0002299F /* AppCoordinatorAssembly.swift */ = {isa = PBXFileReference; lastKnownFileType = sourcecode.swift; path = AppCoordinatorAssembly.swift; sourceTree = "<group>"; };
		CC55A05D236489DA0002299F /* AppCoordinatorType.swift */ = {isa = PBXFileReference; lastKnownFileType = sourcecode.swift; path = AppCoordinatorType.swift; sourceTree = "<group>"; };
		CC55A060236489DA0002299F /* MainCoordinator.swift */ = {isa = PBXFileReference; lastKnownFileType = sourcecode.swift; path = MainCoordinator.swift; sourceTree = "<group>"; };
		CC55A062236489DA0002299F /* MainCoordinatorAssembly.swift */ = {isa = PBXFileReference; lastKnownFileType = sourcecode.swift; path = MainCoordinatorAssembly.swift; sourceTree = "<group>"; };
		CC55A064236489DA0002299F /* MainCoordinatorType.swift */ = {isa = PBXFileReference; lastKnownFileType = sourcecode.swift; path = MainCoordinatorType.swift; sourceTree = "<group>"; };
		CC55A068236489DA0002299F /* AppConfigService.swift */ = {isa = PBXFileReference; lastKnownFileType = sourcecode.swift; path = AppConfigService.swift; sourceTree = "<group>"; };
		CC55A06A236489DA0002299F /* AppConfigServiceAssembly.swift */ = {isa = PBXFileReference; lastKnownFileType = sourcecode.swift; path = AppConfigServiceAssembly.swift; sourceTree = "<group>"; };
		CC55A06C236489DA0002299F /* AppConfigServiceType.swift */ = {isa = PBXFileReference; lastKnownFileType = sourcecode.swift; path = AppConfigServiceType.swift; sourceTree = "<group>"; };
		CC55A06F236489DA0002299F /* EnvironmentService.swift */ = {isa = PBXFileReference; lastKnownFileType = sourcecode.swift; path = EnvironmentService.swift; sourceTree = "<group>"; };
		CC55A071236489DA0002299F /* EnvironmentServiceAssembly.swift */ = {isa = PBXFileReference; lastKnownFileType = sourcecode.swift; path = EnvironmentServiceAssembly.swift; sourceTree = "<group>"; };
		CC55A073236489DA0002299F /* EnvironmentServiceType.swift */ = {isa = PBXFileReference; lastKnownFileType = sourcecode.swift; path = EnvironmentServiceType.swift; sourceTree = "<group>"; };
		CC55A076236489DA0002299F /* AppDelegate.swift */ = {isa = PBXFileReference; lastKnownFileType = sourcecode.swift; path = AppDelegate.swift; sourceTree = "<group>"; };
		CC55A079236489DA0002299F /* ApplicationService.swift */ = {isa = PBXFileReference; lastKnownFileType = sourcecode.swift; path = ApplicationService.swift; sourceTree = "<group>"; };
		CC55A07D236489DA0002299F /* Module.swift */ = {isa = PBXFileReference; lastKnownFileType = sourcecode.swift; path = Module.swift; sourceTree = "<group>"; };
		CC55A080236489DA0002299F /* AppDelegateManager.swift */ = {isa = PBXFileReference; lastKnownFileType = sourcecode.swift; path = AppDelegateManager.swift; sourceTree = "<group>"; };
		CC55A083236489DA0002299F /* LaunchInstructor.swift */ = {isa = PBXFileReference; lastKnownFileType = sourcecode.swift; path = LaunchInstructor.swift; sourceTree = "<group>"; };
		CC55A085236489DB0002299F /* BaseCoordinator.swift */ = {isa = PBXFileReference; lastKnownFileType = sourcecode.swift; path = BaseCoordinator.swift; sourceTree = "<group>"; };
		CC55A087236489DB0002299F /* CoordinatorType.swift */ = {isa = PBXFileReference; lastKnownFileType = sourcecode.swift; path = CoordinatorType.swift; sourceTree = "<group>"; };
		CC55A08A236489DB0002299F /* DeepLinkOption.swift */ = {isa = PBXFileReference; lastKnownFileType = sourcecode.swift; path = DeepLinkOption.swift; sourceTree = "<group>"; };
		CC55A08D236489DB0002299F /* AlertRoutable.swift */ = {isa = PBXFileReference; lastKnownFileType = sourcecode.swift; path = AlertRoutable.swift; sourceTree = "<group>"; };
		CC55A08F236489DB0002299F /* Presentable.swift */ = {isa = PBXFileReference; lastKnownFileType = sourcecode.swift; path = Presentable.swift; sourceTree = "<group>"; };
		CC55A092236489DB0002299F /* Router.swift */ = {isa = PBXFileReference; lastKnownFileType = sourcecode.swift; path = Router.swift; sourceTree = "<group>"; };
		CC55A094236489DB0002299F /* RouterType.swift */ = {isa = PBXFileReference; lastKnownFileType = sourcecode.swift; path = RouterType.swift; sourceTree = "<group>"; };
		CC55A096236489DB0002299F /* BaseModuleRouter.swift */ = {isa = PBXFileReference; lastKnownFileType = sourcecode.swift; path = BaseModuleRouter.swift; sourceTree = "<group>"; };
		CC55A09A236489DB0002299F /* ContainerView.swift */ = {isa = PBXFileReference; lastKnownFileType = sourcecode.swift; path = ContainerView.swift; sourceTree = "<group>"; };
		CC55A09D236489DB0002299F /* ViewBuilder.swift */ = {isa = PBXFileReference; lastKnownFileType = sourcecode.swift; path = ViewBuilder.swift; sourceTree = "<group>"; };
		CC55A0A0236489DB0002299F /* BasePresenter.swift */ = {isa = PBXFileReference; lastKnownFileType = sourcecode.swift; path = BasePresenter.swift; sourceTree = "<group>"; };
		CC55A0A3236489DB0002299F /* Constants.swift */ = {isa = PBXFileReference; lastKnownFileType = sourcecode.swift; path = Constants.swift; sourceTree = "<group>"; };
		CC55A0A7236489DB0002299F /* Codable+Ext.swift */ = {isa = PBXFileReference; lastKnownFileType = sourcecode.swift; path = "Codable+Ext.swift"; sourceTree = "<group>"; };
		CC55A0AA236489DB0002299F /* Array+Ext.swift */ = {isa = PBXFileReference; lastKnownFileType = sourcecode.swift; path = "Array+Ext.swift"; sourceTree = "<group>"; };
		CC55A0AD236489DB0002299F /* UIColor+Ext.swift */ = {isa = PBXFileReference; lastKnownFileType = sourcecode.swift; path = "UIColor+Ext.swift"; sourceTree = "<group>"; };
		CC55A0B0236489DB0002299F /* Data+Ext.swift */ = {isa = PBXFileReference; lastKnownFileType = sourcecode.swift; path = "Data+Ext.swift"; sourceTree = "<group>"; };
		CC55A0B3236489DB0002299F /* FileManager+Ext.swift */ = {isa = PBXFileReference; lastKnownFileType = sourcecode.swift; path = "FileManager+Ext.swift"; sourceTree = "<group>"; };
		CC55A0B6236489DB0002299F /* NSObject+Ext.swift */ = {isa = PBXFileReference; lastKnownFileType = sourcecode.swift; path = "NSObject+Ext.swift"; sourceTree = "<group>"; };
		CC55A0B9236489DB0002299F /* Int+Ext.swift */ = {isa = PBXFileReference; lastKnownFileType = sourcecode.swift; path = "Int+Ext.swift"; sourceTree = "<group>"; };
		CC55A0BC236489DB0002299F /* String+Ext.swift */ = {isa = PBXFileReference; lastKnownFileType = sourcecode.swift; path = "String+Ext.swift"; sourceTree = "<group>"; };
		CC55A0BF236489DB0002299F /* URL+Ext.swift */ = {isa = PBXFileReference; lastKnownFileType = sourcecode.swift; path = "URL+Ext.swift"; sourceTree = "<group>"; };
		CC55A0C2236489DB0002299F /* UICollectionView+Ext.swift */ = {isa = PBXFileReference; lastKnownFileType = sourcecode.swift; path = "UICollectionView+Ext.swift"; sourceTree = "<group>"; };
		CC55A0C4236489DB0002299F /* UIImage+Ext.swift */ = {isa = PBXFileReference; lastKnownFileType = sourcecode.swift; path = "UIImage+Ext.swift"; sourceTree = "<group>"; };
		CC55A0C6236489DB0002299F /* UIImageView+Ext.swift */ = {isa = PBXFileReference; lastKnownFileType = sourcecode.swift; path = "UIImageView+Ext.swift"; sourceTree = "<group>"; };
		CC55A0C8236489DB0002299F /* UILabel+Ext.swift */ = {isa = PBXFileReference; lastKnownFileType = sourcecode.swift; path = "UILabel+Ext.swift"; sourceTree = "<group>"; };
		CC55A0CA236489DB0002299F /* UINavigationController+Ext.swift */ = {isa = PBXFileReference; lastKnownFileType = sourcecode.swift; path = "UINavigationController+Ext.swift"; sourceTree = "<group>"; };
		CC55A0CC236489DB0002299F /* UIScrollView+Ext.swift */ = {isa = PBXFileReference; lastKnownFileType = sourcecode.swift; path = "UIScrollView+Ext.swift"; sourceTree = "<group>"; };
		CC55A0CE236489DB0002299F /* UITabBar+Ext.swift */ = {isa = PBXFileReference; lastKnownFileType = sourcecode.swift; path = "UITabBar+Ext.swift"; sourceTree = "<group>"; };
		CC55A0D0236489DB0002299F /* UITableView+Ext.swift */ = {isa = PBXFileReference; lastKnownFileType = sourcecode.swift; path = "UITableView+Ext.swift"; sourceTree = "<group>"; };
		CC55A0D2236489DB0002299F /* UIView+Ext.swift */ = {isa = PBXFileReference; lastKnownFileType = sourcecode.swift; path = "UIView+Ext.swift"; sourceTree = "<group>"; };
		CC55A0D4236489DB0002299F /* UIViewController+Ext.swift */ = {isa = PBXFileReference; lastKnownFileType = sourcecode.swift; path = "UIViewController+Ext.swift"; sourceTree = "<group>"; };
		CC55A0D6236489DB0002299F /* UIWindow+Ext.swift */ = {isa = PBXFileReference; lastKnownFileType = sourcecode.swift; path = "UIWindow+Ext.swift"; sourceTree = "<group>"; };
		CC55A0DA236489DB0002299F /* Assembly.swift */ = {isa = PBXFileReference; lastKnownFileType = sourcecode.swift; path = Assembly.swift; sourceTree = "<group>"; };
		CC55A0DC236489DB0002299F /* AssemblyFactory.swift */ = {isa = PBXFileReference; lastKnownFileType = sourcecode.swift; path = AssemblyFactory.swift; sourceTree = "<group>"; };
		CC55A0DE236489DB0002299F /* DependencyContainer.swift */ = {isa = PBXFileReference; lastKnownFileType = sourcecode.swift; path = DependencyContainer.swift; sourceTree = "<group>"; };
		CC55A0E0236489DB0002299F /* ObjectKey.swift */ = {isa = PBXFileReference; lastKnownFileType = sourcecode.swift; path = ObjectKey.swift; sourceTree = "<group>"; };
		CC55A0E2236489DB0002299F /* StrongBox.swift */ = {isa = PBXFileReference; lastKnownFileType = sourcecode.swift; path = StrongBox.swift; sourceTree = "<group>"; };
		CC55A0E4236489DB0002299F /* WeakBox.swift */ = {isa = PBXFileReference; lastKnownFileType = sourcecode.swift; path = WeakBox.swift; sourceTree = "<group>"; };
		CC55A0E6236489DB0002299F /* WeakContainer.swift */ = {isa = PBXFileReference; lastKnownFileType = sourcecode.swift; path = WeakContainer.swift; sourceTree = "<group>"; };
		CC55A0EA236489DB0002299F /* DeviceTweak.swift */ = {isa = PBXFileReference; lastKnownFileType = sourcecode.swift; path = DeviceTweak.swift; sourceTree = "<group>"; };
		CC55A0EC236489DB0002299F /* ThreadTweak.swift */ = {isa = PBXFileReference; lastKnownFileType = sourcecode.swift; path = ThreadTweak.swift; sourceTree = "<group>"; };
		CC55A0EE236489DB0002299F /* UtilsTweak.swift */ = {isa = PBXFileReference; lastKnownFileType = sourcecode.swift; path = UtilsTweak.swift; sourceTree = "<group>"; };
		CC55A0F1236489DB0002299F /* ServerApi.swift */ = {isa = PBXFileReference; lastKnownFileType = sourcecode.swift; path = ServerApi.swift; sourceTree = "<group>"; };
		CC55A0F4236489DB0002299F /* ExempleResponse.swift */ = {isa = PBXFileReference; lastKnownFileType = sourcecode.swift; path = ExempleResponse.swift; sourceTree = "<group>"; };
		CC55A0F7236489DB0002299F /* NetRequests.swift */ = {isa = PBXFileReference; lastKnownFileType = sourcecode.swift; path = NetRequests.swift; sourceTree = "<group>"; };
		CC55A0FA236489DB0002299F /* Theme.swift */ = {isa = PBXFileReference; lastKnownFileType = sourcecode.swift; path = Theme.swift; sourceTree = "<group>"; };
		CC55A0FD236489DB0002299F /* Podfile */ = {isa = PBXFileReference; lastKnownFileType = text; name = Podfile; path = ../../Podfile; sourceTree = "<group>"; };
		CC55A100236489DB0002299F /* Assets.xcassets */ = {isa = PBXFileReference; lastKnownFileType = folder.assetcatalog; path = Assets.xcassets; sourceTree = "<group>"; };
		CC55A103236489DB0002299F /* Base */ = {isa = PBXFileReference; lastKnownFileType = file.storyboard; name = Base; path = ../Base.lproj/LaunchScreen.storyboard; sourceTree = "<group>"; };
		CC55A105236489DB0002299F /* Info.plist */ = {isa = PBXFileReference; lastKnownFileType = text.plist.xml; path = Info.plist; sourceTree = "<group>"; };
		CC55A11323648A900002299F /* Settings.storyboard */ = {isa = PBXFileReference; fileEncoding = 4; lastKnownFileType = file.storyboard; path = Settings.storyboard; sourceTree = "<group>"; };
		CC55A11523648A900002299F /* SettingsAssembly.swift */ = {isa = PBXFileReference; fileEncoding = 4; lastKnownFileType = sourcecode.swift; path = SettingsAssembly.swift; sourceTree = "<group>"; };
		CC55A11723648A900002299F /* SettingsContracts.swift */ = {isa = PBXFileReference; fileEncoding = 4; lastKnownFileType = sourcecode.swift; path = SettingsContracts.swift; sourceTree = "<group>"; };
		CC55A11923648A900002299F /* SettingsPresenter.swift */ = {isa = PBXFileReference; fileEncoding = 4; lastKnownFileType = sourcecode.swift; path = SettingsPresenter.swift; sourceTree = "<group>"; };
		CC55A11B23648A900002299F /* SettingsViewController.swift */ = {isa = PBXFileReference; fileEncoding = 4; lastKnownFileType = sourcecode.swift; path = SettingsViewController.swift; sourceTree = "<group>"; };
		CC55A11D23648A900002299F /* SettingsInteractor.swift */ = {isa = PBXFileReference; fileEncoding = 4; lastKnownFileType = sourcecode.swift; path = SettingsInteractor.swift; sourceTree = "<group>"; };
		CC55A11F23648A900002299F /* SettingsRouter.swift */ = {isa = PBXFileReference; fileEncoding = 4; lastKnownFileType = sourcecode.swift; path = SettingsRouter.swift; sourceTree = "<group>"; };
		CC55A12223648A900002299F /* Onboarding.storyboard */ = {isa = PBXFileReference; fileEncoding = 4; lastKnownFileType = file.storyboard; path = Onboarding.storyboard; sourceTree = "<group>"; };
		CC55A12423648A900002299F /* OnboardingAssembly.swift */ = {isa = PBXFileReference; fileEncoding = 4; lastKnownFileType = sourcecode.swift; path = OnboardingAssembly.swift; sourceTree = "<group>"; };
		CC55A12623648A900002299F /* OnboardingContracts.swift */ = {isa = PBXFileReference; fileEncoding = 4; lastKnownFileType = sourcecode.swift; path = OnboardingContracts.swift; sourceTree = "<group>"; };
		CC55A12823648A900002299F /* OnboardingPresenter.swift */ = {isa = PBXFileReference; fileEncoding = 4; lastKnownFileType = sourcecode.swift; path = OnboardingPresenter.swift; sourceTree = "<group>"; };
		CC55A12A23648A900002299F /* OnboardingViewController.swift */ = {isa = PBXFileReference; fileEncoding = 4; lastKnownFileType = sourcecode.swift; path = OnboardingViewController.swift; sourceTree = "<group>"; };
		CC55A12C23648A900002299F /* OnboardingInteractor.swift */ = {isa = PBXFileReference; fileEncoding = 4; lastKnownFileType = sourcecode.swift; path = OnboardingInteractor.swift; sourceTree = "<group>"; };
		CC55A12E23648A900002299F /* OnboardingRouter.swift */ = {isa = PBXFileReference; fileEncoding = 4; lastKnownFileType = sourcecode.swift; path = OnboardingRouter.swift; sourceTree = "<group>"; };
		CC55A13123648A900002299F /* Authorization.storyboard */ = {isa = PBXFileReference; fileEncoding = 4; lastKnownFileType = file.storyboard; path = Authorization.storyboard; sourceTree = "<group>"; };
		CC55A13323648A900002299F /* AuthorizationAssembly.swift */ = {isa = PBXFileReference; fileEncoding = 4; lastKnownFileType = sourcecode.swift; path = AuthorizationAssembly.swift; sourceTree = "<group>"; };
		CC55A13523648A900002299F /* AuthorizationContracts.swift */ = {isa = PBXFileReference; fileEncoding = 4; lastKnownFileType = sourcecode.swift; path = AuthorizationContracts.swift; sourceTree = "<group>"; };
		CC55A13723648A900002299F /* AuthorizationPresenter.swift */ = {isa = PBXFileReference; fileEncoding = 4; lastKnownFileType = sourcecode.swift; path = AuthorizationPresenter.swift; sourceTree = "<group>"; };
		CC55A13923648A900002299F /* AuthorizationViewController.swift */ = {isa = PBXFileReference; fileEncoding = 4; lastKnownFileType = sourcecode.swift; path = AuthorizationViewController.swift; sourceTree = "<group>"; };
		CC55A13B23648A900002299F /* AuthorizationInteractor.swift */ = {isa = PBXFileReference; fileEncoding = 4; lastKnownFileType = sourcecode.swift; path = AuthorizationInteractor.swift; sourceTree = "<group>"; };
		CC55A13D23648A900002299F /* AuthorizationRouter.swift */ = {isa = PBXFileReference; fileEncoding = 4; lastKnownFileType = sourcecode.swift; path = AuthorizationRouter.swift; sourceTree = "<group>"; };
		CC55A15523648DC90002299F /* TabBarPresenter.swift */ = {isa = PBXFileReference; lastKnownFileType = sourcecode.swift; path = TabBarPresenter.swift; sourceTree = "<group>"; };
		CC55A15A23648E990002299F /* TabBarCoordinator.swift */ = {isa = PBXFileReference; fileEncoding = 4; lastKnownFileType = sourcecode.swift; path = TabBarCoordinator.swift; sourceTree = "<group>"; };
		CC55A15B23648E990002299F /* TabBarCoordinatorType.swift */ = {isa = PBXFileReference; fileEncoding = 4; lastKnownFileType = sourcecode.swift; path = TabBarCoordinatorType.swift; sourceTree = "<group>"; };
		CC55A15C23648E990002299F /* TabBarCoordinatorAssembly.swift */ = {isa = PBXFileReference; fileEncoding = 4; lastKnownFileType = sourcecode.swift; path = TabBarCoordinatorAssembly.swift; sourceTree = "<group>"; };
		CC55A16423648FEB0002299F /* SettingsCoordinatorAssembly.swift */ = {isa = PBXFileReference; fileEncoding = 4; lastKnownFileType = sourcecode.swift; path = SettingsCoordinatorAssembly.swift; sourceTree = "<group>"; };
		CC55A16523648FEB0002299F /* SettingsCoordinatorType.swift */ = {isa = PBXFileReference; fileEncoding = 4; lastKnownFileType = sourcecode.swift; path = SettingsCoordinatorType.swift; sourceTree = "<group>"; };
		CC55A16623648FEB0002299F /* SettingsCoordinator.swift */ = {isa = PBXFileReference; fileEncoding = 4; lastKnownFileType = sourcecode.swift; path = SettingsCoordinator.swift; sourceTree = "<group>"; };
		CC55A16D236495550002299F /* AuthorizationCoordinatorType.swift */ = {isa = PBXFileReference; fileEncoding = 4; lastKnownFileType = sourcecode.swift; path = AuthorizationCoordinatorType.swift; sourceTree = "<group>"; };
		CC55A16E236495550002299F /* AuthorizationCoordinatorAssembly.swift */ = {isa = PBXFileReference; fileEncoding = 4; lastKnownFileType = sourcecode.swift; path = AuthorizationCoordinatorAssembly.swift; sourceTree = "<group>"; };
		CC55A16F236495550002299F /* AuthorizationCoordinator.swift */ = {isa = PBXFileReference; fileEncoding = 4; lastKnownFileType = sourcecode.swift; path = AuthorizationCoordinator.swift; sourceTree = "<group>"; };
		CC55A177236498670002299F /* Registration.storyboard */ = {isa = PBXFileReference; fileEncoding = 4; lastKnownFileType = file.storyboard; path = Registration.storyboard; sourceTree = "<group>"; };
		CC55A179236498670002299F /* RegistrationAssembly.swift */ = {isa = PBXFileReference; fileEncoding = 4; lastKnownFileType = sourcecode.swift; path = RegistrationAssembly.swift; sourceTree = "<group>"; };
		CC55A17B236498670002299F /* RegistrationContracts.swift */ = {isa = PBXFileReference; fileEncoding = 4; lastKnownFileType = sourcecode.swift; path = RegistrationContracts.swift; sourceTree = "<group>"; };
		CC55A17D236498670002299F /* RegistrationPresenter.swift */ = {isa = PBXFileReference; fileEncoding = 4; lastKnownFileType = sourcecode.swift; path = RegistrationPresenter.swift; sourceTree = "<group>"; };
		CC55A17F236498670002299F /* RegistrationViewController.swift */ = {isa = PBXFileReference; fileEncoding = 4; lastKnownFileType = sourcecode.swift; path = RegistrationViewController.swift; sourceTree = "<group>"; };
		CC55A181236498670002299F /* RegistrationInteractor.swift */ = {isa = PBXFileReference; fileEncoding = 4; lastKnownFileType = sourcecode.swift; path = RegistrationInteractor.swift; sourceTree = "<group>"; };
		CC55A183236498670002299F /* RegistrationRouter.swift */ = {isa = PBXFileReference; fileEncoding = 4; lastKnownFileType = sourcecode.swift; path = RegistrationRouter.swift; sourceTree = "<group>"; };
		CC55A18E23649E090002299F /* OnboardingCoordinator.swift */ = {isa = PBXFileReference; fileEncoding = 4; lastKnownFileType = sourcecode.swift; path = OnboardingCoordinator.swift; sourceTree = "<group>"; };
		CC55A18F23649E090002299F /* OnboardingCoordinatorType.swift */ = {isa = PBXFileReference; fileEncoding = 4; lastKnownFileType = sourcecode.swift; path = OnboardingCoordinatorType.swift; sourceTree = "<group>"; };
		CC55A19023649E090002299F /* OnboardingCoordinatorAssembly.swift */ = {isa = PBXFileReference; fileEncoding = 4; lastKnownFileType = sourcecode.swift; path = OnboardingCoordinatorAssembly.swift; sourceTree = "<group>"; };
/* End PBXFileReference section */

/* Begin PBXFrameworksBuildPhase section */
		CC55A038236489DA0002299F /* Frameworks */ = {
			isa = PBXFrameworksBuildPhase;
			buildActionMask = 2147483647;
			files = (
			);
			runOnlyForDeploymentPostprocessing = 0;
		};
/* End PBXFrameworksBuildPhase section */

/* Begin PBXGroup section */
		CC55A032236489DA0002299F = {
			isa = PBXGroup;
			children = (
				CC55A03D236489DA0002299F /* Exemple */,
				CC55A03C236489DA0002299F /* Products */,
			);
			sourceTree = "<group>";
		};
		CC55A03C236489DA0002299F /* Products */ = {
			isa = PBXGroup;
			children = (
				CC55A03B236489DA0002299F /* Exemple.app */,
			);
			name = Products;
			sourceTree = "<group>";
		};
		CC55A03D236489DA0002299F /* Exemple */ = {
			isa = PBXGroup;
			children = (
				CC55A105236489DB0002299F /* Info.plist */,
				CC55A03E236489DA0002299F /* Classes */,
				CC55A0FF236489DB0002299F /* Resources */,
				CC55A0FC236489DB0002299F /* Supporting Files */,
			);
			path = Exemple;
			sourceTree = "<group>";
		};
		CC55A03E236489DA0002299F /* Classes */ = {
			isa = PBXGroup;
			children = (
				CC55A03F236489DA0002299F /* Assemblys */,
				CC55A075236489DA0002299F /* AppDelegate */,
				CC55A07B236489DA0002299F /* Common */,
				CC55A0A2236489DB0002299F /* Constants */,
				CC55A0A5236489DB0002299F /* Extensions */,
				CC55A0D8236489DB0002299F /* Library */,
				CC55A0E8236489DB0002299F /* Utils */,
				CC55A0F0236489DB0002299F /* Network */,
				CC55A0F9236489DB0002299F /* Themes */,
			);
			path = Classes;
			sourceTree = "<group>";
		};
		CC55A03F236489DA0002299F /* Assemblys */ = {
			isa = PBXGroup;
			children = (
				CC55A040236489DA0002299F /* Modules */,
				CC55A057236489DA0002299F /* Coordinators */,
				CC55A066236489DA0002299F /* Services */,
			);
			path = Assemblys;
			sourceTree = "<group>";
		};
		CC55A040236489DA0002299F /* Modules */ = {
			isa = PBXGroup;
			children = (
				CC55A175236498670002299F /* Registration */,
				CC55A12F23648A900002299F /* Authorization */,
				CC55A12023648A900002299F /* Onboarding */,
				CC55A11123648A900002299F /* Settings */,
				CC55A041236489DA0002299F /* Main */,
			);
			path = Modules;
			sourceTree = "<group>";
		};
		CC55A041236489DA0002299F /* Main */ = {
			isa = PBXGroup;
			children = (
				CC55A042236489DA0002299F /* Assembly */,
				CC55A045236489DA0002299F /* Interactor */,
				CC55A048236489DA0002299F /* Presenter */,
				CC55A04B236489DA0002299F /* Contracts */,
				CC55A04E236489DA0002299F /* View */,
				CC55A051236489DA0002299F /* Storyboards */,
				CC55A054236489DA0002299F /* Router */,
			);
			path = Main;
			sourceTree = "<group>";
		};
		CC55A042236489DA0002299F /* Assembly */ = {
			isa = PBXGroup;
			children = (
				CC55A043236489DA0002299F /* MainAssembly.swift */,
			);
			path = Assembly;
			sourceTree = "<group>";
		};
		CC55A045236489DA0002299F /* Interactor */ = {
			isa = PBXGroup;
			children = (
				CC55A046236489DA0002299F /* MainInteractor.swift */,
			);
			path = Interactor;
			sourceTree = "<group>";
		};
		CC55A048236489DA0002299F /* Presenter */ = {
			isa = PBXGroup;
			children = (
				CC55A049236489DA0002299F /* MainPresenter.swift */,
			);
			path = Presenter;
			sourceTree = "<group>";
		};
		CC55A04B236489DA0002299F /* Contracts */ = {
			isa = PBXGroup;
			children = (
				CC55A04C236489DA0002299F /* MainContracts.swift */,
			);
			path = Contracts;
			sourceTree = "<group>";
		};
		CC55A04E236489DA0002299F /* View */ = {
			isa = PBXGroup;
			children = (
				CC55A04F236489DA0002299F /* MainViewController.swift */,
			);
			path = View;
			sourceTree = "<group>";
		};
		CC55A051236489DA0002299F /* Storyboards */ = {
			isa = PBXGroup;
			children = (
				CC55A052236489DA0002299F /* Main.storyboard */,
			);
			path = Storyboards;
			sourceTree = "<group>";
		};
		CC55A054236489DA0002299F /* Router */ = {
			isa = PBXGroup;
			children = (
				CC55A055236489DA0002299F /* MainRouter.swift */,
			);
			path = Router;
			sourceTree = "<group>";
		};
		CC55A057236489DA0002299F /* Coordinators */ = {
			isa = PBXGroup;
			children = (
				CC55A18D23649E090002299F /* OnboardingCoordinator */,
				CC55A16C236495550002299F /* AuthorizationCoordinator */,
				CC55A16323648FEB0002299F /* SettingsCoordinator */,
				CC55A15923648E990002299F /* TabBarCoordinator */,
				CC55A058236489DA0002299F /* AppCoordinator */,
				CC55A05F236489DA0002299F /* MainCoordinator */,
			);
			path = Coordinators;
			sourceTree = "<group>";
		};
		CC55A058236489DA0002299F /* AppCoordinator */ = {
			isa = PBXGroup;
			children = (
				CC55A059236489DA0002299F /* AppCoordinator.swift */,
				CC55A05B236489DA0002299F /* AppCoordinatorAssembly.swift */,
				CC55A05D236489DA0002299F /* AppCoordinatorType.swift */,
			);
			path = AppCoordinator;
			sourceTree = "<group>";
		};
		CC55A05F236489DA0002299F /* MainCoordinator */ = {
			isa = PBXGroup;
			children = (
				CC55A060236489DA0002299F /* MainCoordinator.swift */,
				CC55A062236489DA0002299F /* MainCoordinatorAssembly.swift */,
				CC55A064236489DA0002299F /* MainCoordinatorType.swift */,
			);
			path = MainCoordinator;
			sourceTree = "<group>";
		};
		CC55A066236489DA0002299F /* Services */ = {
			isa = PBXGroup;
			children = (
				CC55A067236489DA0002299F /* AppConfigService */,
				CC55A06E236489DA0002299F /* EnvironmentService */,
			);
			path = Services;
			sourceTree = "<group>";
		};
		CC55A067236489DA0002299F /* AppConfigService */ = {
			isa = PBXGroup;
			children = (
				CC55A068236489DA0002299F /* AppConfigService.swift */,
				CC55A06A236489DA0002299F /* AppConfigServiceAssembly.swift */,
				CC55A06C236489DA0002299F /* AppConfigServiceType.swift */,
			);
			path = AppConfigService;
			sourceTree = "<group>";
		};
		CC55A06E236489DA0002299F /* EnvironmentService */ = {
			isa = PBXGroup;
			children = (
				CC55A06F236489DA0002299F /* EnvironmentService.swift */,
				CC55A071236489DA0002299F /* EnvironmentServiceAssembly.swift */,
				CC55A073236489DA0002299F /* EnvironmentServiceType.swift */,
			);
			path = EnvironmentService;
			sourceTree = "<group>";
		};
		CC55A075236489DA0002299F /* AppDelegate */ = {
			isa = PBXGroup;
			children = (
				CC55A076236489DA0002299F /* AppDelegate.swift */,
				CC55A078236489DA0002299F /* Services */,
			);
			path = AppDelegate;
			sourceTree = "<group>";
		};
		CC55A078236489DA0002299F /* Services */ = {
			isa = PBXGroup;
			children = (
				CC55A079236489DA0002299F /* ApplicationService.swift */,
			);
			path = Services;
			sourceTree = "<group>";
		};
		CC55A07B236489DA0002299F /* Common */ = {
			isa = PBXGroup;
			children = (
				CC55A15323648D760002299F /* TabBarPresenter */,
				CC55A07C236489DA0002299F /* Module */,
				CC55A07F236489DA0002299F /* AppDelegateManager */,
				CC55A082236489DA0002299F /* Coordinator */,
				CC55A089236489DB0002299F /* DeepLink */,
				CC55A08C236489DB0002299F /* Protocols */,
				CC55A091236489DB0002299F /* Router */,
				CC55A098236489DB0002299F /* View */,
				CC55A09F236489DB0002299F /* Presenter */,
			);
			path = Common;
			sourceTree = "<group>";
		};
		CC55A07C236489DA0002299F /* Module */ = {
			isa = PBXGroup;
			children = (
				CC55A07D236489DA0002299F /* Module.swift */,
			);
			path = Module;
			sourceTree = "<group>";
		};
		CC55A07F236489DA0002299F /* AppDelegateManager */ = {
			isa = PBXGroup;
			children = (
				CC55A080236489DA0002299F /* AppDelegateManager.swift */,
			);
			path = AppDelegateManager;
			sourceTree = "<group>";
		};
		CC55A082236489DA0002299F /* Coordinator */ = {
			isa = PBXGroup;
			children = (
				CC55A083236489DA0002299F /* LaunchInstructor.swift */,
				CC55A085236489DB0002299F /* BaseCoordinator.swift */,
				CC55A087236489DB0002299F /* CoordinatorType.swift */,
			);
			path = Coordinator;
			sourceTree = "<group>";
		};
		CC55A089236489DB0002299F /* DeepLink */ = {
			isa = PBXGroup;
			children = (
				CC55A08A236489DB0002299F /* DeepLinkOption.swift */,
			);
			path = DeepLink;
			sourceTree = "<group>";
		};
		CC55A08C236489DB0002299F /* Protocols */ = {
			isa = PBXGroup;
			children = (
				CC55A08D236489DB0002299F /* AlertRoutable.swift */,
				CC55A08F236489DB0002299F /* Presentable.swift */,
			);
			path = Protocols;
			sourceTree = "<group>";
		};
		CC55A091236489DB0002299F /* Router */ = {
			isa = PBXGroup;
			children = (
				CC55A092236489DB0002299F /* Router.swift */,
				CC55A094236489DB0002299F /* RouterType.swift */,
				CC55A096236489DB0002299F /* BaseModuleRouter.swift */,
			);
			path = Router;
			sourceTree = "<group>";
		};
		CC55A098236489DB0002299F /* View */ = {
			isa = PBXGroup;
			children = (
				CC55A099236489DB0002299F /* ContainerView */,
				CC55A09C236489DB0002299F /* ViewBuilder */,
			);
			path = View;
			sourceTree = "<group>";
		};
		CC55A099236489DB0002299F /* ContainerView */ = {
			isa = PBXGroup;
			children = (
				CC55A09A236489DB0002299F /* ContainerView.swift */,
			);
			path = ContainerView;
			sourceTree = "<group>";
		};
		CC55A09C236489DB0002299F /* ViewBuilder */ = {
			isa = PBXGroup;
			children = (
				CC55A09D236489DB0002299F /* ViewBuilder.swift */,
			);
			path = ViewBuilder;
			sourceTree = "<group>";
		};
		CC55A09F236489DB0002299F /* Presenter */ = {
			isa = PBXGroup;
			children = (
				CC55A0A0236489DB0002299F /* BasePresenter.swift */,
			);
			path = Presenter;
			sourceTree = "<group>";
		};
		CC55A0A2236489DB0002299F /* Constants */ = {
			isa = PBXGroup;
			children = (
				CC55A0A3236489DB0002299F /* Constants.swift */,
			);
			path = Constants;
			sourceTree = "<group>";
		};
		CC55A0A5236489DB0002299F /* Extensions */ = {
			isa = PBXGroup;
			children = (
				CC55A0A6236489DB0002299F /* Codable */,
				CC55A0A9236489DB0002299F /* Collection */,
				CC55A0AC236489DB0002299F /* Color */,
				CC55A0AF236489DB0002299F /* Date */,
				CC55A0B2236489DB0002299F /* FileManager */,
				CC55A0B5236489DB0002299F /* NSObject */,
				CC55A0B8236489DB0002299F /* Numbers */,
				CC55A0BB236489DB0002299F /* String */,
				CC55A0BE236489DB0002299F /* URL */,
				CC55A0C1236489DB0002299F /* View */,
			);
			path = Extensions;
			sourceTree = "<group>";
		};
		CC55A0A6236489DB0002299F /* Codable */ = {
			isa = PBXGroup;
			children = (
				CC55A0A7236489DB0002299F /* Codable+Ext.swift */,
			);
			path = Codable;
			sourceTree = "<group>";
		};
		CC55A0A9236489DB0002299F /* Collection */ = {
			isa = PBXGroup;
			children = (
				CC55A0AA236489DB0002299F /* Array+Ext.swift */,
			);
			path = Collection;
			sourceTree = "<group>";
		};
		CC55A0AC236489DB0002299F /* Color */ = {
			isa = PBXGroup;
			children = (
				CC55A0AD236489DB0002299F /* UIColor+Ext.swift */,
			);
			path = Color;
			sourceTree = "<group>";
		};
		CC55A0AF236489DB0002299F /* Date */ = {
			isa = PBXGroup;
			children = (
				CC55A0B0236489DB0002299F /* Data+Ext.swift */,
			);
			path = Date;
			sourceTree = "<group>";
		};
		CC55A0B2236489DB0002299F /* FileManager */ = {
			isa = PBXGroup;
			children = (
				CC55A0B3236489DB0002299F /* FileManager+Ext.swift */,
			);
			path = FileManager;
			sourceTree = "<group>";
		};
		CC55A0B5236489DB0002299F /* NSObject */ = {
			isa = PBXGroup;
			children = (
				CC55A0B6236489DB0002299F /* NSObject+Ext.swift */,
			);
			path = NSObject;
			sourceTree = "<group>";
		};
		CC55A0B8236489DB0002299F /* Numbers */ = {
			isa = PBXGroup;
			children = (
				CC55A0B9236489DB0002299F /* Int+Ext.swift */,
			);
			path = Numbers;
			sourceTree = "<group>";
		};
		CC55A0BB236489DB0002299F /* String */ = {
			isa = PBXGroup;
			children = (
				CC55A0BC236489DB0002299F /* String+Ext.swift */,
			);
			path = String;
			sourceTree = "<group>";
		};
		CC55A0BE236489DB0002299F /* URL */ = {
			isa = PBXGroup;
			children = (
				CC55A0BF236489DB0002299F /* URL+Ext.swift */,
			);
			path = URL;
			sourceTree = "<group>";
		};
		CC55A0C1236489DB0002299F /* View */ = {
			isa = PBXGroup;
			children = (
				CC55A0C2236489DB0002299F /* UICollectionView+Ext.swift */,
				CC55A0C4236489DB0002299F /* UIImage+Ext.swift */,
				CC55A0C6236489DB0002299F /* UIImageView+Ext.swift */,
				CC55A0C8236489DB0002299F /* UILabel+Ext.swift */,
				CC55A0CA236489DB0002299F /* UINavigationController+Ext.swift */,
				CC55A0CC236489DB0002299F /* UIScrollView+Ext.swift */,
				CC55A0CE236489DB0002299F /* UITabBar+Ext.swift */,
				CC55A0D0236489DB0002299F /* UITableView+Ext.swift */,
				CC55A0D2236489DB0002299F /* UIView+Ext.swift */,
				CC55A0D4236489DB0002299F /* UIViewController+Ext.swift */,
				CC55A0D6236489DB0002299F /* UIWindow+Ext.swift */,
			);
			path = View;
			sourceTree = "<group>";
		};
		CC55A0D8236489DB0002299F /* Library */ = {
			isa = PBXGroup;
			children = (
				CC55A0D9236489DB0002299F /* Swilby */,
			);
			path = Library;
			sourceTree = "<group>";
		};
		CC55A0D9236489DB0002299F /* Swilby */ = {
			isa = PBXGroup;
			children = (
				CC55A0DA236489DB0002299F /* Assembly.swift */,
				CC55A0DC236489DB0002299F /* AssemblyFactory.swift */,
				CC55A0DE236489DB0002299F /* DependencyContainer.swift */,
				CC55A0E0236489DB0002299F /* ObjectKey.swift */,
				CC55A0E2236489DB0002299F /* StrongBox.swift */,
				CC55A0E4236489DB0002299F /* WeakBox.swift */,
				CC55A0E6236489DB0002299F /* WeakContainer.swift */,
			);
			path = Swilby;
			sourceTree = "<group>";
		};
		CC55A0E8236489DB0002299F /* Utils */ = {
			isa = PBXGroup;
			children = (
				CC55A0E9236489DB0002299F /* Tweaks */,
			);
			path = Utils;
			sourceTree = "<group>";
		};
		CC55A0E9236489DB0002299F /* Tweaks */ = {
			isa = PBXGroup;
			children = (
				CC55A0EA236489DB0002299F /* DeviceTweak.swift */,
				CC55A0EC236489DB0002299F /* ThreadTweak.swift */,
				CC55A0EE236489DB0002299F /* UtilsTweak.swift */,
			);
			path = Tweaks;
			sourceTree = "<group>";
		};
		CC55A0F0236489DB0002299F /* Network */ = {
			isa = PBXGroup;
			children = (
				CC55A0F1236489DB0002299F /* ServerApi.swift */,
				CC55A0F3236489DB0002299F /* Response */,
				CC55A0F6236489DB0002299F /* Request */,
			);
			path = Network;
			sourceTree = "<group>";
		};
		CC55A0F3236489DB0002299F /* Response */ = {
			isa = PBXGroup;
			children = (
				CC55A0F4236489DB0002299F /* ExempleResponse.swift */,
			);
			path = Response;
			sourceTree = "<group>";
		};
		CC55A0F6236489DB0002299F /* Request */ = {
			isa = PBXGroup;
			children = (
				CC55A0F7236489DB0002299F /* NetRequests.swift */,
			);
			path = Request;
			sourceTree = "<group>";
		};
		CC55A0F9236489DB0002299F /* Themes */ = {
			isa = PBXGroup;
			children = (
				CC55A0FA236489DB0002299F /* Theme.swift */,
			);
			path = Themes;
			sourceTree = "<group>";
		};
		CC55A0FC236489DB0002299F /* Supporting Files */ = {
			isa = PBXGroup;
			children = (
				CC55A0FD236489DB0002299F /* Podfile */,
				CC55A102236489DB0002299F /* LaunchScreen.storyboard */,
			);
			path = "Supporting Files";
			sourceTree = "<group>";
		};
		CC55A0FF236489DB0002299F /* Resources */ = {
			isa = PBXGroup;
			children = (
				CC55A100236489DB0002299F /* Assets.xcassets */,
			);
			path = Resources;
			sourceTree = "<group>";
		};
		CC55A11123648A900002299F /* Settings */ = {
			isa = PBXGroup;
			children = (
				CC55A11223648A900002299F /* Storyboards */,
				CC55A11423648A900002299F /* Assembly */,
				CC55A11623648A900002299F /* Contracts */,
				CC55A11823648A900002299F /* Presenter */,
				CC55A11A23648A900002299F /* View */,
				CC55A11C23648A900002299F /* Interactor */,
				CC55A11E23648A900002299F /* Router */,
			);
			path = Settings;
			sourceTree = "<group>";
		};
		CC55A11223648A900002299F /* Storyboards */ = {
			isa = PBXGroup;
			children = (
				CC55A11323648A900002299F /* Settings.storyboard */,
			);
			path = Storyboards;
			sourceTree = "<group>";
		};
		CC55A11423648A900002299F /* Assembly */ = {
			isa = PBXGroup;
			children = (
				CC55A11523648A900002299F /* SettingsAssembly.swift */,
			);
			path = Assembly;
			sourceTree = "<group>";
		};
		CC55A11623648A900002299F /* Contracts */ = {
			isa = PBXGroup;
			children = (
				CC55A11723648A900002299F /* SettingsContracts.swift */,
			);
			path = Contracts;
			sourceTree = "<group>";
		};
		CC55A11823648A900002299F /* Presenter */ = {
			isa = PBXGroup;
			children = (
				CC55A11923648A900002299F /* SettingsPresenter.swift */,
			);
			path = Presenter;
			sourceTree = "<group>";
		};
		CC55A11A23648A900002299F /* View */ = {
			isa = PBXGroup;
			children = (
				CC55A11B23648A900002299F /* SettingsViewController.swift */,
			);
			path = View;
			sourceTree = "<group>";
		};
		CC55A11C23648A900002299F /* Interactor */ = {
			isa = PBXGroup;
			children = (
				CC55A11D23648A900002299F /* SettingsInteractor.swift */,
			);
			path = Interactor;
			sourceTree = "<group>";
		};
		CC55A11E23648A900002299F /* Router */ = {
			isa = PBXGroup;
			children = (
				CC55A11F23648A900002299F /* SettingsRouter.swift */,
			);
			path = Router;
			sourceTree = "<group>";
		};
		CC55A12023648A900002299F /* Onboarding */ = {
			isa = PBXGroup;
			children = (
				CC55A12123648A900002299F /* Storyboards */,
				CC55A12323648A900002299F /* Assembly */,
				CC55A12523648A900002299F /* Contracts */,
				CC55A12723648A900002299F /* Presenter */,
				CC55A12923648A900002299F /* View */,
				CC55A12B23648A900002299F /* Interactor */,
				CC55A12D23648A900002299F /* Router */,
			);
			path = Onboarding;
			sourceTree = "<group>";
		};
		CC55A12123648A900002299F /* Storyboards */ = {
			isa = PBXGroup;
			children = (
				CC55A12223648A900002299F /* Onboarding.storyboard */,
			);
			path = Storyboards;
			sourceTree = "<group>";
		};
		CC55A12323648A900002299F /* Assembly */ = {
			isa = PBXGroup;
			children = (
				CC55A12423648A900002299F /* OnboardingAssembly.swift */,
			);
			path = Assembly;
			sourceTree = "<group>";
		};
		CC55A12523648A900002299F /* Contracts */ = {
			isa = PBXGroup;
			children = (
				CC55A12623648A900002299F /* OnboardingContracts.swift */,
			);
			path = Contracts;
			sourceTree = "<group>";
		};
		CC55A12723648A900002299F /* Presenter */ = {
			isa = PBXGroup;
			children = (
				CC55A12823648A900002299F /* OnboardingPresenter.swift */,
			);
			path = Presenter;
			sourceTree = "<group>";
		};
		CC55A12923648A900002299F /* View */ = {
			isa = PBXGroup;
			children = (
				CC55A12A23648A900002299F /* OnboardingViewController.swift */,
			);
			path = View;
			sourceTree = "<group>";
		};
		CC55A12B23648A900002299F /* Interactor */ = {
			isa = PBXGroup;
			children = (
				CC55A12C23648A900002299F /* OnboardingInteractor.swift */,
			);
			path = Interactor;
			sourceTree = "<group>";
		};
		CC55A12D23648A900002299F /* Router */ = {
			isa = PBXGroup;
			children = (
				CC55A12E23648A900002299F /* OnboardingRouter.swift */,
			);
			path = Router;
			sourceTree = "<group>";
		};
		CC55A12F23648A900002299F /* Authorization */ = {
			isa = PBXGroup;
			children = (
				CC55A13023648A900002299F /* Storyboards */,
				CC55A13223648A900002299F /* Assembly */,
				CC55A13423648A900002299F /* Contracts */,
				CC55A13623648A900002299F /* Presenter */,
				CC55A13823648A900002299F /* View */,
				CC55A13A23648A900002299F /* Interactor */,
				CC55A13C23648A900002299F /* Router */,
			);
			path = Authorization;
			sourceTree = "<group>";
		};
		CC55A13023648A900002299F /* Storyboards */ = {
			isa = PBXGroup;
			children = (
				CC55A13123648A900002299F /* Authorization.storyboard */,
			);
			path = Storyboards;
			sourceTree = "<group>";
		};
		CC55A13223648A900002299F /* Assembly */ = {
			isa = PBXGroup;
			children = (
				CC55A13323648A900002299F /* AuthorizationAssembly.swift */,
			);
			path = Assembly;
			sourceTree = "<group>";
		};
		CC55A13423648A900002299F /* Contracts */ = {
			isa = PBXGroup;
			children = (
				CC55A13523648A900002299F /* AuthorizationContracts.swift */,
			);
			path = Contracts;
			sourceTree = "<group>";
		};
		CC55A13623648A900002299F /* Presenter */ = {
			isa = PBXGroup;
			children = (
				CC55A13723648A900002299F /* AuthorizationPresenter.swift */,
			);
			path = Presenter;
			sourceTree = "<group>";
		};
		CC55A13823648A900002299F /* View */ = {
			isa = PBXGroup;
			children = (
				CC55A13923648A900002299F /* AuthorizationViewController.swift */,
			);
			path = View;
			sourceTree = "<group>";
		};
		CC55A13A23648A900002299F /* Interactor */ = {
			isa = PBXGroup;
			children = (
				CC55A13B23648A900002299F /* AuthorizationInteractor.swift */,
			);
			path = Interactor;
			sourceTree = "<group>";
		};
		CC55A13C23648A900002299F /* Router */ = {
			isa = PBXGroup;
			children = (
				CC55A13D23648A900002299F /* AuthorizationRouter.swift */,
			);
			path = Router;
			sourceTree = "<group>";
		};
		CC55A15323648D760002299F /* TabBarPresenter */ = {
			isa = PBXGroup;
			children = (
				CC55A15523648DC90002299F /* TabBarPresenter.swift */,
			);
			path = TabBarPresenter;
			sourceTree = "<group>";
		};
		CC55A15923648E990002299F /* TabBarCoordinator */ = {
			isa = PBXGroup;
			children = (
				CC55A15A23648E990002299F /* TabBarCoordinator.swift */,
				CC55A15B23648E990002299F /* TabBarCoordinatorType.swift */,
				CC55A15C23648E990002299F /* TabBarCoordinatorAssembly.swift */,
			);
			path = TabBarCoordinator;
			sourceTree = "<group>";
		};
		CC55A16323648FEB0002299F /* SettingsCoordinator */ = {
			isa = PBXGroup;
			children = (
				CC55A16423648FEB0002299F /* SettingsCoordinatorAssembly.swift */,
				CC55A16523648FEB0002299F /* SettingsCoordinatorType.swift */,
				CC55A16623648FEB0002299F /* SettingsCoordinator.swift */,
			);
			path = SettingsCoordinator;
			sourceTree = "<group>";
		};
		CC55A16C236495550002299F /* AuthorizationCoordinator */ = {
			isa = PBXGroup;
			children = (
				CC55A16D236495550002299F /* AuthorizationCoordinatorType.swift */,
				CC55A16E236495550002299F /* AuthorizationCoordinatorAssembly.swift */,
				CC55A16F236495550002299F /* AuthorizationCoordinator.swift */,
			);
			path = AuthorizationCoordinator;
			sourceTree = "<group>";
		};
		CC55A175236498670002299F /* Registration */ = {
			isa = PBXGroup;
			children = (
				CC55A176236498670002299F /* Storyboards */,
				CC55A178236498670002299F /* Assembly */,
				CC55A17A236498670002299F /* Contracts */,
				CC55A17C236498670002299F /* Presenter */,
				CC55A17E236498670002299F /* View */,
				CC55A180236498670002299F /* Interactor */,
				CC55A182236498670002299F /* Router */,
			);
			path = Registration;
			sourceTree = "<group>";
		};
		CC55A176236498670002299F /* Storyboards */ = {
			isa = PBXGroup;
			children = (
				CC55A177236498670002299F /* Registration.storyboard */,
			);
			path = Storyboards;
			sourceTree = "<group>";
		};
		CC55A178236498670002299F /* Assembly */ = {
			isa = PBXGroup;
			children = (
				CC55A179236498670002299F /* RegistrationAssembly.swift */,
			);
			path = Assembly;
			sourceTree = "<group>";
		};
		CC55A17A236498670002299F /* Contracts */ = {
			isa = PBXGroup;
			children = (
				CC55A17B236498670002299F /* RegistrationContracts.swift */,
			);
			path = Contracts;
			sourceTree = "<group>";
		};
		CC55A17C236498670002299F /* Presenter */ = {
			isa = PBXGroup;
			children = (
				CC55A17D236498670002299F /* RegistrationPresenter.swift */,
			);
			path = Presenter;
			sourceTree = "<group>";
		};
		CC55A17E236498670002299F /* View */ = {
			isa = PBXGroup;
			children = (
				CC55A17F236498670002299F /* RegistrationViewController.swift */,
			);
			path = View;
			sourceTree = "<group>";
		};
		CC55A180236498670002299F /* Interactor */ = {
			isa = PBXGroup;
			children = (
				CC55A181236498670002299F /* RegistrationInteractor.swift */,
			);
			path = Interactor;
			sourceTree = "<group>";
		};
		CC55A182236498670002299F /* Router */ = {
			isa = PBXGroup;
			children = (
				CC55A183236498670002299F /* RegistrationRouter.swift */,
			);
			path = Router;
			sourceTree = "<group>";
		};
		CC55A18D23649E090002299F /* OnboardingCoordinator */ = {
			isa = PBXGroup;
			children = (
				CC55A18E23649E090002299F /* OnboardingCoordinator.swift */,
				CC55A18F23649E090002299F /* OnboardingCoordinatorType.swift */,
				CC55A19023649E090002299F /* OnboardingCoordinatorAssembly.swift */,
			);
			path = OnboardingCoordinator;
			sourceTree = "<group>";
		};
/* End PBXGroup section */

/* Begin PBXNativeTarget section */
		CC55A03A236489DA0002299F /* Exemple */ = {
			isa = PBXNativeTarget;
			buildConfigurationList = CC55A108236489DB0002299F /* Build configuration list for PBXNativeTarget "Exemple" */;
			buildPhases = (
				CC55A037236489DA0002299F /* Sources */,
				CC55A038236489DA0002299F /* Frameworks */,
				CC55A039236489DA0002299F /* Resources */,
			);
			buildRules = (
			);
			dependencies = (
			);
			name = Exemple;
			productName = Exemple;
			productReference = CC55A03B236489DA0002299F /* Exemple.app */;
			productType = "com.apple.product-type.application";
		};
/* End PBXNativeTarget section */

/* Begin PBXProject section */
		CC55A033236489DA0002299F /* Project object */ = {
			isa = PBXProject;
			attributes = {
				LastSwiftUpdateCheck = 1100;
				LastUpgradeCheck = 1100;
				ORGANIZATIONNAME = iDevs.io;
				TargetAttributes = {
					CC55A03A236489DA0002299F = {
						CreatedOnToolsVersion = 11.0;
					};
				};
			};
			buildConfigurationList = CC55A036236489DA0002299F /* Build configuration list for PBXProject "Exemple" */;
			compatibilityVersion = "Xcode 9.3";
			developmentRegion = en;
			hasScannedForEncodings = 0;
			knownRegions = (
				en,
				Base,
			);
			mainGroup = CC55A032236489DA0002299F;
			productRefGroup = CC55A03C236489DA0002299F /* Products */;
			projectDirPath = "";
			projectRoot = "";
			targets = (
				CC55A03A236489DA0002299F /* Exemple */,
			);
		};
/* End PBXProject section */

/* Begin PBXResourcesBuildPhase section */
		CC55A039236489DA0002299F /* Resources */ = {
			isa = PBXResourcesBuildPhase;
			buildActionMask = 2147483647;
			files = (
				CC55A0FE236489DB0002299F /* Podfile in Resources */,
				CC55A184236498670002299F /* Registration.storyboard in Resources */,
				CC55A104236489DB0002299F /* LaunchScreen.storyboard in Resources */,
				CC55A101236489DB0002299F /* Assets.xcassets in Resources */,
				CC55A14523648A900002299F /* Onboarding.storyboard in Resources */,
				CC55A14C23648A900002299F /* Authorization.storyboard in Resources */,
				CC55A053236489DA0002299F /* Main.storyboard in Resources */,
				CC55A13E23648A900002299F /* Settings.storyboard in Resources */,
			);
			runOnlyForDeploymentPostprocessing = 0;
		};
/* End PBXResourcesBuildPhase section */

/* Begin PBXSourcesBuildPhase section */
		CC55A037236489DA0002299F /* Sources */ = {
			isa = PBXSourcesBuildPhase;
			buildActionMask = 2147483647;
			files = (
				CC55A0ED236489DB0002299F /* ThreadTweak.swift in Sources */,
				CC55A14D23648A900002299F /* AuthorizationAssembly.swift in Sources */,
				CC55A0DF236489DB0002299F /* DependencyContainer.swift in Sources */,
				CC55A04D236489DA0002299F /* MainContracts.swift in Sources */,
				CC55A15623648DC90002299F /* TabBarPresenter.swift in Sources */,
				CC55A15F23648E990002299F /* TabBarCoordinatorAssembly.swift in Sources */,
				CC55A0FB236489DB0002299F /* Theme.swift in Sources */,
				CC55A084236489DA0002299F /* LaunchInstructor.swift in Sources */,
				CC55A186236498670002299F /* RegistrationContracts.swift in Sources */,
				CC55A14E23648A900002299F /* AuthorizationContracts.swift in Sources */,
				CC55A0C7236489DB0002299F /* UIImageView+Ext.swift in Sources */,
				CC55A15023648A900002299F /* AuthorizationViewController.swift in Sources */,
				CC55A095236489DB0002299F /* RouterType.swift in Sources */,
				CC55A0D3236489DB0002299F /* UIView+Ext.swift in Sources */,
				CC55A0AB236489DB0002299F /* Array+Ext.swift in Sources */,
				CC55A0D7236489DB0002299F /* UIWindow+Ext.swift in Sources */,
				CC55A14223648A900002299F /* SettingsViewController.swift in Sources */,
				CC55A0D1236489DB0002299F /* UITableView+Ext.swift in Sources */,
				CC55A05E236489DA0002299F /* AppCoordinatorType.swift in Sources */,
				CC55A077236489DA0002299F /* AppDelegate.swift in Sources */,
				CC55A14923648A900002299F /* OnboardingViewController.swift in Sources */,
				CC55A187236498670002299F /* RegistrationPresenter.swift in Sources */,
				CC55A0E1236489DB0002299F /* ObjectKey.swift in Sources */,
				CC55A08B236489DB0002299F /* DeepLinkOption.swift in Sources */,
				CC55A15223648A900002299F /* AuthorizationRouter.swift in Sources */,
				CC55A0CB236489DB0002299F /* UINavigationController+Ext.swift in Sources */,
				CC55A0CD236489DB0002299F /* UIScrollView+Ext.swift in Sources */,
				CC55A14A23648A900002299F /* OnboardingInteractor.swift in Sources */,
				CC55A044236489DA0002299F /* MainAssembly.swift in Sources */,
				CC55A19123649E090002299F /* OnboardingCoordinator.swift in Sources */,
				CC55A15E23648E990002299F /* TabBarCoordinatorType.swift in Sources */,
				CC55A0DD236489DB0002299F /* AssemblyFactory.swift in Sources */,
				CC55A065236489DA0002299F /* MainCoordinatorType.swift in Sources */,
				CC55A0CF236489DB0002299F /* UITabBar+Ext.swift in Sources */,
				CC55A0B1236489DB0002299F /* Data+Ext.swift in Sources */,
				CC55A0DB236489DB0002299F /* Assembly.swift in Sources */,
				CC55A069236489DA0002299F /* AppConfigService.swift in Sources */,
				CC55A097236489DB0002299F /* BaseModuleRouter.swift in Sources */,
				CC55A086236489DB0002299F /* BaseCoordinator.swift in Sources */,
				CC55A14323648A900002299F /* SettingsInteractor.swift in Sources */,
				CC55A0B7236489DB0002299F /* NSObject+Ext.swift in Sources */,
				CC55A170236495550002299F /* AuthorizationCoordinatorType.swift in Sources */,
				CC55A074236489DA0002299F /* EnvironmentServiceType.swift in Sources */,
				CC55A0C5236489DB0002299F /* UIImage+Ext.swift in Sources */,
				CC55A09B236489DB0002299F /* ContainerView.swift in Sources */,
				CC55A14F23648A900002299F /* AuthorizationPresenter.swift in Sources */,
				CC55A0B4236489DB0002299F /* FileManager+Ext.swift in Sources */,
				CC55A14823648A900002299F /* OnboardingPresenter.swift in Sources */,
				CC55A0A1236489DB0002299F /* BasePresenter.swift in Sources */,
				CC55A14B23648A900002299F /* OnboardingRouter.swift in Sources */,
				CC55A061236489DA0002299F /* MainCoordinator.swift in Sources */,
				CC55A185236498670002299F /* RegistrationAssembly.swift in Sources */,
				CC55A0EB236489DB0002299F /* DeviceTweak.swift in Sources */,
				CC55A0D5236489DB0002299F /* UIViewController+Ext.swift in Sources */,
				CC55A072236489DA0002299F /* EnvironmentServiceAssembly.swift in Sources */,
				CC55A15D23648E990002299F /* TabBarCoordinator.swift in Sources */,
				CC55A0F5236489DB0002299F /* ExempleResponse.swift in Sources */,
				CC55A0C9236489DB0002299F /* UILabel+Ext.swift in Sources */,
				CC55A06D236489DA0002299F /* AppConfigServiceType.swift in Sources */,
				CC55A14723648A900002299F /* OnboardingContracts.swift in Sources */,
				CC55A090236489DB0002299F /* Presentable.swift in Sources */,
				CC55A04A236489DA0002299F /* MainPresenter.swift in Sources */,
				CC55A08E236489DB0002299F /* AlertRoutable.swift in Sources */,
				CC55A07E236489DA0002299F /* Module.swift in Sources */,
				CC55A18A236498670002299F /* RegistrationRouter.swift in Sources */,
				CC55A0E7236489DB0002299F /* WeakContainer.swift in Sources */,
				CC55A081236489DA0002299F /* AppDelegateManager.swift in Sources */,
				CC55A0E3236489DB0002299F /* StrongBox.swift in Sources */,
				CC55A19223649E090002299F /* OnboardingCoordinatorType.swift in Sources */,
				CC55A0AE236489DB0002299F /* UIColor+Ext.swift in Sources */,
				CC55A063236489DA0002299F /* MainCoordinatorAssembly.swift in Sources */,
				CC55A070236489DA0002299F /* EnvironmentService.swift in Sources */,
				CC55A16923648FEB0002299F /* SettingsCoordinator.swift in Sources */,
				CC55A047236489DA0002299F /* MainInteractor.swift in Sources */,
				CC55A0A4236489DB0002299F /* Constants.swift in Sources */,
				CC55A093236489DB0002299F /* Router.swift in Sources */,
				CC55A16823648FEB0002299F /* SettingsCoordinatorType.swift in Sources */,
				CC55A13F23648A900002299F /* SettingsAssembly.swift in Sources */,
				CC55A189236498670002299F /* RegistrationInteractor.swift in Sources */,
				CC55A05C236489DA0002299F /* AppCoordinatorAssembly.swift in Sources */,
				CC55A050236489DA0002299F /* MainViewController.swift in Sources */,
				CC55A0C3236489DB0002299F /* UICollectionView+Ext.swift in Sources */,
				CC55A07A236489DA0002299F /* ApplicationService.swift in Sources */,
				CC55A0BA236489DB0002299F /* Int+Ext.swift in Sources */,
				CC55A0BD236489DB0002299F /* String+Ext.swift in Sources */,
				CC55A172236495550002299F /* AuthorizationCoordinator.swift in Sources */,
				CC55A14123648A900002299F /* SettingsPresenter.swift in Sources */,
				CC55A06B236489DA0002299F /* AppConfigServiceAssembly.swift in Sources */,
				CC55A056236489DA0002299F /* MainRouter.swift in Sources */,
				CC55A0C0236489DB0002299F /* URL+Ext.swift in Sources */,
				CC55A16723648FEB0002299F /* SettingsCoordinatorAssembly.swift in Sources */,
				CC55A14023648A900002299F /* SettingsContracts.swift in Sources */,
				CC55A14623648A900002299F /* OnboardingAssembly.swift in Sources */,
				CC55A0E5236489DB0002299F /* WeakBox.swift in Sources */,
				CC55A171236495550002299F /* AuthorizationCoordinatorAssembly.swift in Sources */,
				CC55A19323649E090002299F /* OnboardingCoordinatorAssembly.swift in Sources */,
				CC55A05A236489DA0002299F /* AppCoordinator.swift in Sources */,
				CC55A15123648A900002299F /* AuthorizationInteractor.swift in Sources */,
				CC55A088236489DB0002299F /* CoordinatorType.swift in Sources */,
				CC55A14423648A900002299F /* SettingsRouter.swift in Sources */,
				CC55A0F8236489DB0002299F /* NetRequests.swift in Sources */,
				CC55A188236498670002299F /* RegistrationViewController.swift in Sources */,
				CC55A0A8236489DB0002299F /* Codable+Ext.swift in Sources */,
				CC55A0F2236489DB0002299F /* ServerApi.swift in Sources */,
				CC55A0EF236489DB0002299F /* UtilsTweak.swift in Sources */,
				CC55A09E236489DB0002299F /* ViewBuilder.swift in Sources */,
			);
			runOnlyForDeploymentPostprocessing = 0;
		};
/* End PBXSourcesBuildPhase section */

/* Begin PBXVariantGroup section */
		CC55A102236489DB0002299F /* LaunchScreen.storyboard */ = {
			isa = PBXVariantGroup;
			children = (
				CC55A103236489DB0002299F /* Base */,
			);
			name = LaunchScreen.storyboard;
			sourceTree = "<group>";
		};
/* End PBXVariantGroup section */

/* Begin XCBuildConfiguration section */
		CC55A106236489DB0002299F /* Debug */ = {
			isa = XCBuildConfiguration;
			buildSettings = {
				ALWAYS_SEARCH_USER_PATHS = NO;
				CLANG_ANALYZER_NONNULL = YES;
				CLANG_ANALYZER_NUMBER_OBJECT_CONVERSION = YES_AGGRESSIVE;
				CLANG_CXX_LANGUAGE_STANDARD = "gnu++14";
				CLANG_CXX_LIBRARY = "libc++";
				CLANG_ENABLE_MODULES = YES;
				CLANG_ENABLE_OBJC_ARC = YES;
				CLANG_ENABLE_OBJC_WEAK = YES;
				CLANG_WARN_BLOCK_CAPTURE_AUTORELEASING = YES;
				CLANG_WARN_BOOL_CONVERSION = YES;
				CLANG_WARN_COMMA = YES;
				CLANG_WARN_CONSTANT_CONVERSION = YES;
				CLANG_WARN_DEPRECATED_OBJC_IMPLEMENTATIONS = YES;
				CLANG_WARN_DIRECT_OBJC_ISA_USAGE = YES_ERROR;
				CLANG_WARN_DOCUMENTATION_COMMENTS = YES;
				CLANG_WARN_EMPTY_BODY = YES;
				CLANG_WARN_ENUM_CONVERSION = YES;
				CLANG_WARN_INFINITE_RECURSION = YES;
				CLANG_WARN_INT_CONVERSION = YES;
				CLANG_WARN_NON_LITERAL_NULL_CONVERSION = YES;
				CLANG_WARN_OBJC_IMPLICIT_RETAIN_SELF = YES;
				CLANG_WARN_OBJC_LITERAL_CONVERSION = YES;
				CLANG_WARN_OBJC_ROOT_CLASS = YES_ERROR;
				CLANG_WARN_RANGE_LOOP_ANALYSIS = YES;
				CLANG_WARN_STRICT_PROTOTYPES = YES;
				CLANG_WARN_SUSPICIOUS_MOVE = YES;
				CLANG_WARN_UNGUARDED_AVAILABILITY = YES_AGGRESSIVE;
				CLANG_WARN_UNREACHABLE_CODE = YES;
				CLANG_WARN__DUPLICATE_METHOD_MATCH = YES;
				COPY_PHASE_STRIP = NO;
				DEBUG_INFORMATION_FORMAT = dwarf;
				ENABLE_STRICT_OBJC_MSGSEND = YES;
				ENABLE_TESTABILITY = YES;
				GCC_C_LANGUAGE_STANDARD = gnu11;
				GCC_DYNAMIC_NO_PIC = NO;
				GCC_NO_COMMON_BLOCKS = YES;
				GCC_OPTIMIZATION_LEVEL = 0;
				GCC_PREPROCESSOR_DEFINITIONS = (
					"DEBUG=1",
					"$(inherited)",
				);
				GCC_WARN_64_TO_32_BIT_CONVERSION = YES;
				GCC_WARN_ABOUT_RETURN_TYPE = YES_ERROR;
				GCC_WARN_UNDECLARED_SELECTOR = YES;
				GCC_WARN_UNINITIALIZED_AUTOS = YES_AGGRESSIVE;
				GCC_WARN_UNUSED_FUNCTION = YES;
				GCC_WARN_UNUSED_VARIABLE = YES;
				IPHONEOS_DEPLOYMENT_TARGET = 13.0;
				MTL_ENABLE_DEBUG_INFO = INCLUDE_SOURCE;
				MTL_FAST_MATH = YES;
				ONLY_ACTIVE_ARCH = YES;
				SDKROOT = iphoneos;
				SWIFT_ACTIVE_COMPILATION_CONDITIONS = DEBUG;
				SWIFT_OPTIMIZATION_LEVEL = "-Onone";
			};
			name = Debug;
		};
		CC55A107236489DB0002299F /* Release */ = {
			isa = XCBuildConfiguration;
			buildSettings = {
				ALWAYS_SEARCH_USER_PATHS = NO;
				CLANG_ANALYZER_NONNULL = YES;
				CLANG_ANALYZER_NUMBER_OBJECT_CONVERSION = YES_AGGRESSIVE;
				CLANG_CXX_LANGUAGE_STANDARD = "gnu++14";
				CLANG_CXX_LIBRARY = "libc++";
				CLANG_ENABLE_MODULES = YES;
				CLANG_ENABLE_OBJC_ARC = YES;
				CLANG_ENABLE_OBJC_WEAK = YES;
				CLANG_WARN_BLOCK_CAPTURE_AUTORELEASING = YES;
				CLANG_WARN_BOOL_CONVERSION = YES;
				CLANG_WARN_COMMA = YES;
				CLANG_WARN_CONSTANT_CONVERSION = YES;
				CLANG_WARN_DEPRECATED_OBJC_IMPLEMENTATIONS = YES;
				CLANG_WARN_DIRECT_OBJC_ISA_USAGE = YES_ERROR;
				CLANG_WARN_DOCUMENTATION_COMMENTS = YES;
				CLANG_WARN_EMPTY_BODY = YES;
				CLANG_WARN_ENUM_CONVERSION = YES;
				CLANG_WARN_INFINITE_RECURSION = YES;
				CLANG_WARN_INT_CONVERSION = YES;
				CLANG_WARN_NON_LITERAL_NULL_CONVERSION = YES;
				CLANG_WARN_OBJC_IMPLICIT_RETAIN_SELF = YES;
				CLANG_WARN_OBJC_LITERAL_CONVERSION = YES;
				CLANG_WARN_OBJC_ROOT_CLASS = YES_ERROR;
				CLANG_WARN_RANGE_LOOP_ANALYSIS = YES;
				CLANG_WARN_STRICT_PROTOTYPES = YES;
				CLANG_WARN_SUSPICIOUS_MOVE = YES;
				CLANG_WARN_UNGUARDED_AVAILABILITY = YES_AGGRESSIVE;
				CLANG_WARN_UNREACHABLE_CODE = YES;
				CLANG_WARN__DUPLICATE_METHOD_MATCH = YES;
				COPY_PHASE_STRIP = NO;
				DEBUG_INFORMATION_FORMAT = "dwarf-with-dsym";
				ENABLE_NS_ASSERTIONS = NO;
				ENABLE_STRICT_OBJC_MSGSEND = YES;
				GCC_C_LANGUAGE_STANDARD = gnu11;
				GCC_NO_COMMON_BLOCKS = YES;
				GCC_WARN_64_TO_32_BIT_CONVERSION = YES;
				GCC_WARN_ABOUT_RETURN_TYPE = YES_ERROR;
				GCC_WARN_UNDECLARED_SELECTOR = YES;
				GCC_WARN_UNINITIALIZED_AUTOS = YES_AGGRESSIVE;
				GCC_WARN_UNUSED_FUNCTION = YES;
				GCC_WARN_UNUSED_VARIABLE = YES;
				IPHONEOS_DEPLOYMENT_TARGET = 13.0;
				MTL_ENABLE_DEBUG_INFO = NO;
				MTL_FAST_MATH = YES;
				SDKROOT = iphoneos;
				SWIFT_COMPILATION_MODE = wholemodule;
				SWIFT_OPTIMIZATION_LEVEL = "-O";
				VALIDATE_PRODUCT = YES;
			};
			name = Release;
		};
		CC55A109236489DB0002299F /* Debug */ = {
			isa = XCBuildConfiguration;
			buildSettings = {
				ASSETCATALOG_COMPILER_APPICON_NAME = AppIcon;
				CODE_SIGN_STYLE = Automatic;
				DEVELOPMENT_TEAM = ZC9UES3W9Y;
				INFOPLIST_FILE = Exemple/Info.plist;
				LD_RUNPATH_SEARCH_PATHS = (
					"$(inherited)",
					"@executable_path/Frameworks",
				);
				PRODUCT_BUNDLE_IDENTIFIER = io.iDevs.Exemple;
				PRODUCT_NAME = "$(TARGET_NAME)";
				SWIFT_VERSION = 5.0;
				TARGETED_DEVICE_FAMILY = "1,2";
			};
			name = Debug;
		};
		CC55A10A236489DB0002299F /* Release */ = {
			isa = XCBuildConfiguration;
			buildSettings = {
				ASSETCATALOG_COMPILER_APPICON_NAME = AppIcon;
				CODE_SIGN_STYLE = Automatic;
				DEVELOPMENT_TEAM = ZC9UES3W9Y;
				INFOPLIST_FILE = Exemple/Info.plist;
				LD_RUNPATH_SEARCH_PATHS = (
					"$(inherited)",
					"@executable_path/Frameworks",
				);
				PRODUCT_BUNDLE_IDENTIFIER = io.iDevs.Exemple;
				PRODUCT_NAME = "$(TARGET_NAME)";
				SWIFT_VERSION = 5.0;
				TARGETED_DEVICE_FAMILY = "1,2";
			};
			name = Release;
		};
/* End XCBuildConfiguration section */

/* Begin XCConfigurationList section */
		CC55A036236489DA0002299F /* Build configuration list for PBXProject "Exemple" */ = {
			isa = XCConfigurationList;
			buildConfigurations = (
				CC55A106236489DB0002299F /* Debug */,
				CC55A107236489DB0002299F /* Release */,
			);
			defaultConfigurationIsVisible = 0;
			defaultConfigurationName = Release;
		};
		CC55A108236489DB0002299F /* Build configuration list for PBXNativeTarget "Exemple" */ = {
			isa = XCConfigurationList;
			buildConfigurations = (
				CC55A109236489DB0002299F /* Debug */,
				CC55A10A236489DB0002299F /* Release */,
			);
			defaultConfigurationIsVisible = 0;
			defaultConfigurationName = Release;
		};
/* End XCConfigurationList section */
	};
	rootObject = CC55A033236489DA0002299F /* Project object */;
}
